
Microsoft Visual Studio Solution File, Format Version 12.00
# Visual Studio Version 17
VisualStudioVersion = 17.9.34728.123
MinimumVisualStudioVersion = 10.0.40219.1
Project("{FAE04EC0-301F-11D3-BF4B-00C04F79EFBC}") = "Lab3", "Lab3\Lab3.csproj", "{DFFE8D00-EF1D-4B4C-B395-E261771C3E6D}"
EndProject
Global
	GlobalSection(SolutionConfigurationPlatforms) = preSolution
		Debug|Any CPU = Debug|Any CPU
		Release|Any CPU = Release|Any CPU
	EndGlobalSection
	GlobalSection(ProjectConfigurationPlatforms) = postSolution
		{DFFE8D00-EF1D-4B4C-B395-E261771C3E6D}.Debug|Any CPU.ActiveCfg = Debug|Any CPU
		{DFFE8D00-EF1D-4B4C-B395-E261771C3E6D}.Debug|Any CPU.Build.0 = Debug|Any CPU
		{DFFE8D00-EF1D-4B4C-B395-E261771C3E6D}.Release|Any CPU.ActiveCfg = Release|Any CPU
		{DFFE8D00-EF1D-4B4C-B395-E261771C3E6D}.Release|Any CPU.Build.0 = Release|Any CPU
	EndGlobalSection
	GlobalSection(SolutionProperties) = preSolution
		HideSolutionNode = FALSE
	EndGlobalSection
	GlobalSection(ExtensibilityGlobals) = postSolution
		SolutionGuid = {D232494D-1B26-4865-AE1F-82F1DAA76BA3}
	EndGlobalSection
EndGlobal
